
Microsoft Visual Studio Solution File, Format Version 12.00
# Visual Studio Version 16
VisualStudioVersion = 16.0.29503.13
MinimumVisualStudioVersion = 10.0.40219.1
Project("{FAE04EC0-301F-11D3-BF4B-00C04F79EFBC}") = "UI", "UI\UI.csproj", "{86A2212A-062F-4C96-8C03-95B72EA46FC1}"
EndProject
Project("{FAE04EC0-301F-11D3-BF4B-00C04F79EFBC}") = "GanttChart", "GanttChart\GanttChart.csproj", "{F98F97D5-4F29-4531-AD05-D90F8E84C9AA}"
EndProject
Project("{2150E333-8FDC-42A3-9474-1A3956D46DE8}") = "UiTest", "UiTest", "{E87F4F76-A483-4080-89E0-BEEDDCE29FE3}"
EndProject
Project("{FAE04EC0-301F-11D3-BF4B-00C04F79EFBC}") = "HtmlEditor", "HtmlEditor\HtmlEditor.csproj", "{84BADDA1-AB3A-4064-B87E-178D7446901D}"
EndProject
Project("{FAE04EC0-301F-11D3-BF4B-00C04F79EFBC}") = "WpfUI", "WpfUI\WpfUI.csproj", "{D6710C5C-119C-4169-AF35-F20C36BC58DA}"
EndProject
Global
	GlobalSection(SolutionConfigurationPlatforms) = preSolution
		Debug|Any CPU = Debug|Any CPU
		Debug|ARM = Debug|ARM
		Debug|ARM64 = Debug|ARM64
		Debug|x64 = Debug|x64
		Debug|x86 = Debug|x86
		Release|Any CPU = Release|Any CPU
		Release|ARM = Release|ARM
		Release|ARM64 = Release|ARM64
		Release|x64 = Release|x64
		Release|x86 = Release|x86
	EndGlobalSection
	GlobalSection(ProjectConfigurationPlatforms) = postSolution
		{86A2212A-062F-4C96-8C03-95B72EA46FC1}.Debug|Any CPU.ActiveCfg = Debug|Any CPU
		{86A2212A-062F-4C96-8C03-95B72EA46FC1}.Debug|Any CPU.Build.0 = Debug|Any CPU
		{86A2212A-062F-4C96-8C03-95B72EA46FC1}.Debug|ARM.ActiveCfg = Debug|Any CPU
		{86A2212A-062F-4C96-8C03-95B72EA46FC1}.Debug|ARM.Build.0 = Debug|Any CPU
		{86A2212A-062F-4C96-8C03-95B72EA46FC1}.Debug|ARM64.ActiveCfg = Debug|Any CPU
		{86A2212A-062F-4C96-8C03-95B72EA46FC1}.Debug|ARM64.Build.0 = Debug|Any CPU
		{86A2212A-062F-4C96-8C03-95B72EA46FC1}.Debug|x64.ActiveCfg = Debug|Any CPU
		{86A2212A-062F-4C96-8C03-95B72EA46FC1}.Debug|x64.Build.0 = Debug|Any CPU
		{86A2212A-062F-4C96-8C03-95B72EA46FC1}.Debug|x86.ActiveCfg = Debug|Any CPU
		{86A2212A-062F-4C96-8C03-95B72EA46FC1}.Debug|x86.Build.0 = Debug|Any CPU
		{86A2212A-062F-4C96-8C03-95B72EA46FC1}.Release|Any CPU.ActiveCfg = Release|Any CPU
		{86A2212A-062F-4C96-8C03-95B72EA46FC1}.Release|Any CPU.Build.0 = Release|Any CPU
		{86A2212A-062F-4C96-8C03-95B72EA46FC1}.Release|ARM.ActiveCfg = Release|Any CPU
		{86A2212A-062F-4C96-8C03-95B72EA46FC1}.Release|ARM.Build.0 = Release|Any CPU
		{86A2212A-062F-4C96-8C03-95B72EA46FC1}.Release|ARM64.ActiveCfg = Release|Any CPU
		{86A2212A-062F-4C96-8C03-95B72EA46FC1}.Release|ARM64.Build.0 = Release|Any CPU
		{86A2212A-062F-4C96-8C03-95B72EA46FC1}.Release|x64.ActiveCfg = Release|Any CPU
		{86A2212A-062F-4C96-8C03-95B72EA46FC1}.Release|x64.Build.0 = Release|Any CPU
		{86A2212A-062F-4C96-8C03-95B72EA46FC1}.Release|x86.ActiveCfg = Release|Any CPU
		{86A2212A-062F-4C96-8C03-95B72EA46FC1}.Release|x86.Build.0 = Release|Any CPU
		{F98F97D5-4F29-4531-AD05-D90F8E84C9AA}.Debug|Any CPU.ActiveCfg = Debug|Any CPU
		{F98F97D5-4F29-4531-AD05-D90F8E84C9AA}.Debug|Any CPU.Build.0 = Debug|Any CPU
		{F98F97D5-4F29-4531-AD05-D90F8E84C9AA}.Debug|ARM.ActiveCfg = Debug|Any CPU
		{F98F97D5-4F29-4531-AD05-D90F8E84C9AA}.Debug|ARM.Build.0 = Debug|Any CPU
		{F98F97D5-4F29-4531-AD05-D90F8E84C9AA}.Debug|ARM64.ActiveCfg = Debug|Any CPU
		{F98F97D5-4F29-4531-AD05-D90F8E84C9AA}.Debug|ARM64.Build.0 = Debug|Any CPU
		{F98F97D5-4F29-4531-AD05-D90F8E84C9AA}.Debug|x64.ActiveCfg = Debug|Any CPU
		{F98F97D5-4F29-4531-AD05-D90F8E84C9AA}.Debug|x64.Build.0 = Debug|Any CPU
		{F98F97D5-4F29-4531-AD05-D90F8E84C9AA}.Debug|x86.ActiveCfg = Debug|Any CPU
		{F98F97D5-4F29-4531-AD05-D90F8E84C9AA}.Debug|x86.Build.0 = Debug|Any CPU
		{F98F97D5-4F29-4531-AD05-D90F8E84C9AA}.Release|Any CPU.ActiveCfg = Release|Any CPU
		{F98F97D5-4F29-4531-AD05-D90F8E84C9AA}.Release|Any CPU.Build.0 = Release|Any CPU
		{F98F97D5-4F29-4531-AD05-D90F8E84C9AA}.Release|ARM.ActiveCfg = Release|Any CPU
		{F98F97D5-4F29-4531-AD05-D90F8E84C9AA}.Release|ARM.Build.0 = Release|Any CPU
		{F98F97D5-4F29-4531-AD05-D90F8E84C9AA}.Release|ARM64.ActiveCfg = Release|Any CPU
		{F98F97D5-4F29-4531-AD05-D90F8E84C9AA}.Release|ARM64.Build.0 = Release|Any CPU
		{F98F97D5-4F29-4531-AD05-D90F8E84C9AA}.Release|x64.ActiveCfg = Release|Any CPU
		{F98F97D5-4F29-4531-AD05-D90F8E84C9AA}.Release|x64.Build.0 = Release|Any CPU
		{F98F97D5-4F29-4531-AD05-D90F8E84C9AA}.Release|x86.ActiveCfg = Release|Any CPU
		{F98F97D5-4F29-4531-AD05-D90F8E84C9AA}.Release|x86.Build.0 = Release|Any CPU
		{84BADDA1-AB3A-4064-B87E-178D7446901D}.Debug|Any CPU.ActiveCfg = Debug|Any CPU
		{84BADDA1-AB3A-4064-B87E-178D7446901D}.Debug|Any CPU.Build.0 = Debug|Any CPU
		{84BADDA1-AB3A-4064-B87E-178D7446901D}.Debug|ARM.ActiveCfg = Debug|Any CPU
		{84BADDA1-AB3A-4064-B87E-178D7446901D}.Debug|ARM.Build.0 = Debug|Any CPU
		{84BADDA1-AB3A-4064-B87E-178D7446901D}.Debug|ARM64.ActiveCfg = Debug|Any CPU
		{84BADDA1-AB3A-4064-B87E-178D7446901D}.Debug|ARM64.Build.0 = Debug|Any CPU
		{84BADDA1-AB3A-4064-B87E-178D7446901D}.Debug|x64.ActiveCfg = Debug|Any CPU
		{84BADDA1-AB3A-4064-B87E-178D7446901D}.Debug|x64.Build.0 = Debug|Any CPU
		{84BADDA1-AB3A-4064-B87E-178D7446901D}.Debug|x86.ActiveCfg = Debug|Any CPU
		{84BADDA1-AB3A-4064-B87E-178D7446901D}.Debug|x86.Build.0 = Debug|Any CPU
		{84BADDA1-AB3A-4064-B87E-178D7446901D}.Release|Any CPU.ActiveCfg = Release|Any CPU
		{84BADDA1-AB3A-4064-B87E-178D7446901D}.Release|Any CPU.Build.0 = Release|Any CPU
		{84BADDA1-AB3A-4064-B87E-178D7446901D}.Release|ARM.ActiveCfg = Release|Any CPU
		{84BADDA1-AB3A-4064-B87E-178D7446901D}.Release|ARM.Build.0 = Release|Any CPU
		{84BADDA1-AB3A-4064-B87E-178D7446901D}.Release|ARM64.ActiveCfg = Release|Any CPU
		{84BADDA1-AB3A-4064-B87E-178D7446901D}.Release|ARM64.Build.0 = Release|Any CPU
		{84BADDA1-AB3A-4064-B87E-178D7446901D}.Release|x64.ActiveCfg = Release|Any CPU
		{84BADDA1-AB3A-4064-B87E-178D7446901D}.Release|x64.Build.0 = Release|Any CPU
		{84BADDA1-AB3A-4064-B87E-178D7446901D}.Release|x86.ActiveCfg = Release|Any CPU
		{84BADDA1-AB3A-4064-B87E-178D7446901D}.Release|x86.Build.0 = Release|Any CPU
		{D6710C5C-119C-4169-AF35-F20C36BC58DA}.Debug|Any CPU.ActiveCfg = Debug|Any CPU
		{D6710C5C-119C-4169-AF35-F20C36BC58DA}.Debug|Any CPU.Build.0 = Debug|Any CPU
		{D6710C5C-119C-4169-AF35-F20C36BC58DA}.Debug|ARM.ActiveCfg = Debug|Any CPU
		{D6710C5C-119C-4169-AF35-F20C36BC58DA}.Debug|ARM.Build.0 = Debug|Any CPU
		{D6710C5C-119C-4169-AF35-F20C36BC58DA}.Debug|ARM64.ActiveCfg = Debug|Any CPU
		{D6710C5C-119C-4169-AF35-F20C36BC58DA}.Debug|ARM64.Build.0 = Debug|Any CPU
		{D6710C5C-119C-4169-AF35-F20C36BC58DA}.Debug|x64.ActiveCfg = Debug|Any CPU
		{D6710C5C-119C-4169-AF35-F20C36BC58DA}.Debug|x64.Build.0 = Debug|Any CPU
		{D6710C5C-119C-4169-AF35-F20C36BC58DA}.Debug|x86.ActiveCfg = Debug|Any CPU
		{D6710C5C-119C-4169-AF35-F20C36BC58DA}.Debug|x86.Build.0 = Debug|Any CPU
		{D6710C5C-119C-4169-AF35-F20C36BC58DA}.Release|Any CPU.ActiveCfg = Release|Any CPU
		{D6710C5C-119C-4169-AF35-F20C36BC58DA}.Release|Any CPU.Build.0 = Release|Any CPU
		{D6710C5C-119C-4169-AF35-F20C36BC58DA}.Release|ARM.ActiveCfg = Release|Any CPU
		{D6710C5C-119C-4169-AF35-F20C36BC58DA}.Release|ARM.Build.0 = Release|Any CPU
		{D6710C5C-119C-4169-AF35-F20C36BC58DA}.Release|ARM64.ActiveCfg = Release|Any CPU
		{D6710C5C-119C-4169-AF35-F20C36BC58DA}.Release|ARM64.Build.0 = Release|Any CPU
		{D6710C5C-119C-4169-AF35-F20C36BC58DA}.Release|x64.ActiveCfg = Release|Any CPU
		{D6710C5C-119C-4169-AF35-F20C36BC58DA}.Release|x64.Build.0 = Release|Any CPU
		{D6710C5C-119C-4169-AF35-F20C36BC58DA}.Release|x86.ActiveCfg = Release|Any CPU
		{D6710C5C-119C-4169-AF35-F20C36BC58DA}.Release|x86.Build.0 = Release|Any CPU
	EndGlobalSection
	GlobalSection(SolutionProperties) = preSolution
		HideSolutionNode = FALSE
	EndGlobalSection
	GlobalSection(NestedProjects) = preSolution
		{86A2212A-062F-4C96-8C03-95B72EA46FC1} = {E87F4F76-A483-4080-89E0-BEEDDCE29FE3}
		{F98F97D5-4F29-4531-AD05-D90F8E84C9AA} = {E87F4F76-A483-4080-89E0-BEEDDCE29FE3}
		{84BADDA1-AB3A-4064-B87E-178D7446901D} = {E87F4F76-A483-4080-89E0-BEEDDCE29FE3}
	EndGlobalSection
	GlobalSection(ExtensibilityGlobals) = postSolution
		SolutionGuid = {0C3F84E8-BD00-45FF-A46C-BDE5F7482B87}
	EndGlobalSection
EndGlobal
